
Microsoft Visual Studio Solution File, Format Version 12.00
# Visual Studio Version 16
VisualStudioVersion = 25.0.1705.6
MinimumVisualStudioVersion = 10.0.40219.1
Project("{FAE04EC0-301F-11D3-BF4B-00C04F79EFBC}") = "CurrencyConverterAPI", "CurrencyConverterAPI\CurrencyConverterAPI.csproj", "{DAE48F09-5394-417A-8930-87942D3A8622}"
EndProject
Project("{FAE04EC0-301F-11D3-BF4B-00C04F79EFBC}") = "CurrencyConverterTests", "CurrencyConverterTests\CurrencyConverterTests.csproj", "{426A3FF4-556F-4117-83C1-9CE0394231D2}"
EndProject
Global
	GlobalSection(SolutionConfigurationPlatforms) = preSolution
		Debug|Any CPU = Debug|Any CPU
		Release|Any CPU = Release|Any CPU
	EndGlobalSection
	GlobalSection(ProjectConfigurationPlatforms) = postSolution
		{DAE48F09-5394-417A-8930-87942D3A8622}.Debug|Any CPU.ActiveCfg = Debug|Any CPU
		{DAE48F09-5394-417A-8930-87942D3A8622}.Debug|Any CPU.Build.0 = Debug|Any CPU
		{DAE48F09-5394-417A-8930-87942D3A8622}.Release|Any CPU.ActiveCfg = Release|Any CPU
		{DAE48F09-5394-417A-8930-87942D3A8622}.Release|Any CPU.Build.0 = Release|Any CPU
		{426A3FF4-556F-4117-83C1-9CE0394231D2}.Debug|Any CPU.ActiveCfg = Debug|Any CPU
		{426A3FF4-556F-4117-83C1-9CE0394231D2}.Debug|Any CPU.Build.0 = Debug|Any CPU
		{426A3FF4-556F-4117-83C1-9CE0394231D2}.Release|Any CPU.ActiveCfg = Release|Any CPU
		{426A3FF4-556F-4117-83C1-9CE0394231D2}.Release|Any CPU.Build.0 = Release|Any CPU
	EndGlobalSection
	GlobalSection(SolutionProperties) = preSolution
		HideSolutionNode = FALSE
	EndGlobalSection
	GlobalSection(ExtensibilityGlobals) = postSolution
		SolutionGuid = {4A19699A-1991-4998-AE06-8E8A01325438}
	EndGlobalSection
EndGlobal
