
Microsoft Visual Studio Solution File, Format Version 12.00
# Visual Studio Version 16
VisualStudioVersion = 25.0.1705.6
MinimumVisualStudioVersion = 10.0.40219.1
Project("{FAE04EC0-301F-11D3-BF4B-00C04F79EFBC}") = "CurrencyConverterAPI", "CurrencyConverterAPI.csproj", "{71CF0B14-3A96-4EEE-81F9-C1CB8F11D278}"
EndProject
Global
	GlobalSection(SolutionConfigurationPlatforms) = preSolution
		Debug|Any CPU = Debug|Any CPU
		Release|Any CPU = Release|Any CPU
	EndGlobalSection
	GlobalSection(ProjectConfigurationPlatforms) = postSolution
		{71CF0B14-3A96-4EEE-81F9-C1CB8F11D278}.Debug|Any CPU.ActiveCfg = Debug|Any CPU
		{71CF0B14-3A96-4EEE-81F9-C1CB8F11D278}.Debug|Any CPU.Build.0 = Debug|Any CPU
		{71CF0B14-3A96-4EEE-81F9-C1CB8F11D278}.Release|Any CPU.ActiveCfg = Release|Any CPU
		{71CF0B14-3A96-4EEE-81F9-C1CB8F11D278}.Release|Any CPU.Build.0 = Release|Any CPU
	EndGlobalSection
	GlobalSection(SolutionProperties) = preSolution
		HideSolutionNode = FALSE
	EndGlobalSection
	GlobalSection(ExtensibilityGlobals) = postSolution
		SolutionGuid = {FD58F692-6F76-415A-8389-4C8F03669691}
	EndGlobalSection
EndGlobal
